{
  "version": 4,
  "terraform_version": "0.12.28",
  "serial": 5,
  "lineage": "25755772-bfcd-74fd-7f81-aeea35212d3c",
  "outputs": {},
  "resources": [
    {
      "mode": "managed",
      "type": "oci_core_virtual_network",
      "name": "simple-vcn",
      "provider": "provider.oci",
      "instances": [
        {
          "schema_version": 0,
          "attributes": {
            "cidr_block": "10.0.0.0/16",
            "compartment_id": "ocid1.compartment.oc1..aaaaaaaazc7xwlo7c4dhjwrvbezagbhnniyblhlcqnhqu5rdhcyz3623k3wq",
            "default_dhcp_options_id": "ocid1.dhcpoptions.oc1.uk-london-1.aaaaaaaa6pjled5avdqznu5wr4es2dlvcsjwimy2az2hoa6q4n6wm3l2octq",
            "default_route_table_id": "ocid1.routetable.oc1.uk-london-1.aaaaaaaa4mvrmkptcnlmygbnohhxuhpvde7scnqsfpplcd3riq2tkr3ur3xq",
            "default_security_list_id": "ocid1.securitylist.oc1.uk-london-1.aaaaaaaavj22aibkpthi6hobktsysottoywa7os6xfsqfjz76depvawlmbaq",
            "defined_tags": {
              "Oracle-Tags.CreatedBy": "oonimole@hotmail.com",
              "Oracle-Tags.CreatedOn": "2020-06-28T23:07:10.377Z"
            },
            "display_name": "simple-vcn",
            "dns_label": "vcn1",
            "freeform_tags": {},
            "id": "ocid1.vcn.oc1.uk-london-1.amaaaaaaaux263yav45kxrcmn4syinlagipzd243tsl43dx737nmobzpfnoq",
            "ipv6cidr_block": null,
            "ipv6public_cidr_block": null,
            "is_ipv6enabled": null,
            "state": "AVAILABLE",
            "time_created": "2020-06-28 23:07:10.384 +0000 UTC",
            "timeouts": null,
            "vcn_domain_name": "vcn1.oraclevcn.com"
          },
          "private": "eyJlMmJmYjczMC1lY2FhLTExZTYtOGY4OC0zNDM2M2JjN2M0YzAiOnsiY3JlYXRlIjo5MDAwMDAwMDAwMDAsImRlbGV0ZSI6OTAwMDAwMDAwMDAwLCJ1cGRhdGUiOjkwMDAwMDAwMDAwMH19"
        }
      ]
    }
  ]
}
